
Microsoft Visual Studio Solution File, Format Version 12.00
# Visual Studio Version 16
VisualStudioVersion = 16.0.29215.179
MinimumVisualStudioVersion = 10.0.40219.1
Project("{FAE04EC0-301F-11D3-BF4B-00C04F79EFBC}") = "4-3_BasicDataAnnotation", "4-3_BasicDataAnnotation.csproj", "{92D39523-D2BF-488E-81D7-2CE979B999F5}"
EndProject
Global
	GlobalSection(SolutionConfigurationPlatforms) = preSolution
		Debug|Any CPU = Debug|Any CPU
		Release|Any CPU = Release|Any CPU
	EndGlobalSection
	GlobalSection(ProjectConfigurationPlatforms) = postSolution
		{92D39523-D2BF-488E-81D7-2CE979B999F5}.Debug|Any CPU.ActiveCfg = Debug|Any CPU
		{92D39523-D2BF-488E-81D7-2CE979B999F5}.Debug|Any CPU.Build.0 = Debug|Any CPU
		{92D39523-D2BF-488E-81D7-2CE979B999F5}.Release|Any CPU.ActiveCfg = Release|Any CPU
		{92D39523-D2BF-488E-81D7-2CE979B999F5}.Release|Any CPU.Build.0 = Release|Any CPU
	EndGlobalSection
	GlobalSection(SolutionProperties) = preSolution
		HideSolutionNode = FALSE
	EndGlobalSection
	GlobalSection(ExtensibilityGlobals) = postSolution
		SolutionGuid = {BC4E837C-2B67-4FA6-BE41-462236F18236}
	EndGlobalSection
EndGlobal
