
Microsoft Visual Studio Solution File, Format Version 12.00
# Visual Studio Version 16
VisualStudioVersion = 16.0.29215.179
MinimumVisualStudioVersion = 10.0.40219.1
Project("{FAE04EC0-301F-11D3-BF4B-00C04F79EFBC}") = "ValueTuple", "ValueTuple.csproj", "{D49F4CF7-61F4-4254-988D-E508531AD043}"
EndProject
Global
	GlobalSection(SolutionConfigurationPlatforms) = preSolution
		Debug|Any CPU = Debug|Any CPU
		Release|Any CPU = Release|Any CPU
	EndGlobalSection
	GlobalSection(ProjectConfigurationPlatforms) = postSolution
		{D49F4CF7-61F4-4254-988D-E508531AD043}.Debug|Any CPU.ActiveCfg = Debug|Any CPU
		{D49F4CF7-61F4-4254-988D-E508531AD043}.Debug|Any CPU.Build.0 = Debug|Any CPU
		{D49F4CF7-61F4-4254-988D-E508531AD043}.Release|Any CPU.ActiveCfg = Release|Any CPU
		{D49F4CF7-61F4-4254-988D-E508531AD043}.Release|Any CPU.Build.0 = Release|Any CPU
	EndGlobalSection
	GlobalSection(SolutionProperties) = preSolution
		HideSolutionNode = FALSE
	EndGlobalSection
	GlobalSection(ExtensibilityGlobals) = postSolution
		SolutionGuid = {A28C7DC8-1544-436A-B7EC-C959AF1F0CAC}
	EndGlobalSection
EndGlobal
